Microsoft Visual Studio Solution File, Format Version 12.00
# Visual Studio Version 17
VisualStudioVersion = 17.5.2.0
MinimumVisualStudioVersion = 10.0.40219.1
Project("{FAE04EC0-301F-11D3-BF4B-00C04F79EFBC}") = "ProxySwitcher", "ProxySwitcher.csproj", "{253A71BD-4135-4505-AB06-401F6BD71CD2}"
EndProject
Global
	GlobalSection(SolutionConfigurationPlatforms) = preSolution
		Debug|Any CPU = Debug|Any CPU
		Release|Any CPU = Release|Any CPU
	EndGlobalSection
	GlobalSection(ProjectConfigurationPlatforms) = postSolution
		{253A71BD-4135-4505-AB06-401F6BD71CD2}.Debug|Any CPU.ActiveCfg = Debug|Any CPU
		{253A71BD-4135-4505-AB06-401F6BD71CD2}.Debug|Any CPU.Build.0 = Debug|Any CPU
		{253A71BD-4135-4505-AB06-401F6BD71CD2}.Release|Any CPU.ActiveCfg = Release|Any CPU
		{253A71BD-4135-4505-AB06-401F6BD71CD2}.Release|Any CPU.Build.0 = Release|Any CPU
	EndGlobalSection
	GlobalSection(SolutionProperties) = preSolution
		HideSolutionNode = FALSE
	EndGlobalSection
	GlobalSection(ExtensibilityGlobals) = postSolution
		SolutionGuid = {5B7D4588-F61B-4C18-AE23-3F0F0604D24E}
	EndGlobalSection
EndGlobal
